
Microsoft Visual Studio Solution File, Format Version 12.00
# Visual Studio Version 17
VisualStudioVersion = 17.14.36804.6 d17.14
MinimumVisualStudioVersion = 10.0.40219.1
Project("{FAE04EC0-301F-11D3-BF4B-00C04F79EFBC}") = "Sosyal-anket", "Sosyal-anket.csproj", "{D3925279-670F-4AD6-ABB2-4806B99A028E}"
EndProject
Global
	GlobalSection(SolutionConfigurationPlatforms) = preSolution
		Debug|Any CPU = Debug|Any CPU
		Release|Any CPU = Release|Any CPU
	EndGlobalSection
	GlobalSection(ProjectConfigurationPlatforms) = postSolution
		{D3925279-670F-4AD6-ABB2-4806B99A028E}.Debug|Any CPU.ActiveCfg = Debug|Any CPU
		{D3925279-670F-4AD6-ABB2-4806B99A028E}.Debug|Any CPU.Build.0 = Debug|Any CPU
		{D3925279-670F-4AD6-ABB2-4806B99A028E}.Release|Any CPU.ActiveCfg = Release|Any CPU
		{D3925279-670F-4AD6-ABB2-4806B99A028E}.Release|Any CPU.Build.0 = Release|Any CPU
	EndGlobalSection
	GlobalSection(SolutionProperties) = preSolution
		HideSolutionNode = FALSE
	EndGlobalSection
	GlobalSection(ExtensibilityGlobals) = postSolution
		SolutionGuid = {EEA0F641-74E3-42B1-95E6-E37D13E0D4D1}
	EndGlobalSection
EndGlobal
